Microsoft Visual Studio Solution File, Format Version 12.00
# Visual Studio Version 17
VisualStudioVersion = 17.0.31903.59
MinimumVisualStudioVersion = 10.0.40219.1
Project("{FAE04EC0-301F-11D3-BF4B-00C04F79EFBC}") = "NGT.SignMaster", "src\NGT.SignMaster\NGT.SignMaster.csproj", "{D58D266D-4EB9-4F88-9D38-1A7D79F268E7}"
EndProject
Global
	GlobalSection(SolutionConfigurationPlatforms) = preSolution
		Debug|Any CPU = Debug|Any CPU
		Release|Any CPU = Release|Any CPU
	EndGlobalSection
	GlobalSection(ProjectConfigurationPlatforms) = postSolution
		{D58D266D-4EB9-4F88-9D38-1A7D79F268E7}.Debug|Any CPU.ActiveCfg = Debug|Any CPU
		{D58D266D-4EB9-4F88-9D38-1A7D79F268E7}.Debug|Any CPU.Build.0 = Debug|Any CPU
		{D58D266D-4EB9-4F88-9D38-1A7D79F268E7}.Release|Any CPU.ActiveCfg = Release|Any CPU
		{D58D266D-4EB9-4F88-9D38-1A7D79F268E7}.Release|Any CPU.Build.0 = Release|Any CPU
	EndGlobalSection
EndGlobal
